
Microsoft Visual Studio Solution File, Format Version 12.00
# Visual Studio 15
VisualStudioVersion = 15.0.26124.0
MinimumVisualStudioVersion = 15.0.26124.0
Project("{2150E333-8FDC-42A3-9474-1A3956D46DE8}") = "src", "src", "{49F93D16-621A-4242-A325-5655921CCB3A}"
EndProject
Project("{FAE04EC0-301F-11D3-BF4B-00C04F79EFBC}") = "Demos.RabbitMQ.Client", "src\Demos.RabbitMQ.Client\Demos.RabbitMQ.Client.csproj", "{5741FC05-942F-4807-8051-8D356A95A184}"
EndProject
Project("{2150E333-8FDC-42A3-9474-1A3956D46DE8}") = "app", "app", "{EA9345BE-0021-45AF-A817-B6BF9B900621}"
EndProject
Project("{FAE04EC0-301F-11D3-BF4B-00C04F79EFBC}") = "Demos.RabbitMQ.Client", "app\Demos.RabbitMQ.Client\Demos.RabbitMQ.Client.csproj", "{E7B71A33-B68A-453F-8EA9-85BE776270D0}"
EndProject
Global
	GlobalSection(SolutionConfigurationPlatforms) = preSolution
		Debug|Any CPU = Debug|Any CPU
		Debug|x64 = Debug|x64
		Debug|x86 = Debug|x86
		Release|Any CPU = Release|Any CPU
		Release|x64 = Release|x64
		Release|x86 = Release|x86
	EndGlobalSection
	GlobalSection(SolutionProperties) = preSolution
		HideSolutionNode = FALSE
	EndGlobalSection
	GlobalSection(ProjectConfigurationPlatforms) = postSolution
		{5741FC05-942F-4807-8051-8D356A95A184}.Debug|Any CPU.ActiveCfg = Debug|Any CPU
		{5741FC05-942F-4807-8051-8D356A95A184}.Debug|Any CPU.Build.0 = Debug|Any CPU
		{5741FC05-942F-4807-8051-8D356A95A184}.Debug|x64.ActiveCfg = Debug|Any CPU
		{5741FC05-942F-4807-8051-8D356A95A184}.Debug|x64.Build.0 = Debug|Any CPU
		{5741FC05-942F-4807-8051-8D356A95A184}.Debug|x86.ActiveCfg = Debug|Any CPU
		{5741FC05-942F-4807-8051-8D356A95A184}.Debug|x86.Build.0 = Debug|Any CPU
		{5741FC05-942F-4807-8051-8D356A95A184}.Release|Any CPU.ActiveCfg = Release|Any CPU
		{5741FC05-942F-4807-8051-8D356A95A184}.Release|Any CPU.Build.0 = Release|Any CPU
		{5741FC05-942F-4807-8051-8D356A95A184}.Release|x64.ActiveCfg = Release|Any CPU
		{5741FC05-942F-4807-8051-8D356A95A184}.Release|x64.Build.0 = Release|Any CPU
		{5741FC05-942F-4807-8051-8D356A95A184}.Release|x86.ActiveCfg = Release|Any CPU
		{5741FC05-942F-4807-8051-8D356A95A184}.Release|x86.Build.0 = Release|Any CPU
		{E7B71A33-B68A-453F-8EA9-85BE776270D0}.Debug|Any CPU.ActiveCfg = Debug|Any CPU
		{E7B71A33-B68A-453F-8EA9-85BE776270D0}.Debug|Any CPU.Build.0 = Debug|Any CPU
		{E7B71A33-B68A-453F-8EA9-85BE776270D0}.Debug|x64.ActiveCfg = Debug|Any CPU
		{E7B71A33-B68A-453F-8EA9-85BE776270D0}.Debug|x64.Build.0 = Debug|Any CPU
		{E7B71A33-B68A-453F-8EA9-85BE776270D0}.Debug|x86.ActiveCfg = Debug|Any CPU
		{E7B71A33-B68A-453F-8EA9-85BE776270D0}.Debug|x86.Build.0 = Debug|Any CPU
		{E7B71A33-B68A-453F-8EA9-85BE776270D0}.Release|Any CPU.ActiveCfg = Release|Any CPU
		{E7B71A33-B68A-453F-8EA9-85BE776270D0}.Release|Any CPU.Build.0 = Release|Any CPU
		{E7B71A33-B68A-453F-8EA9-85BE776270D0}.Release|x64.ActiveCfg = Release|Any CPU
		{E7B71A33-B68A-453F-8EA9-85BE776270D0}.Release|x64.Build.0 = Release|Any CPU
		{E7B71A33-B68A-453F-8EA9-85BE776270D0}.Release|x86.ActiveCfg = Release|Any CPU
		{E7B71A33-B68A-453F-8EA9-85BE776270D0}.Release|x86.Build.0 = Release|Any CPU
	EndGlobalSection
	GlobalSection(NestedProjects) = preSolution
		{5741FC05-942F-4807-8051-8D356A95A184} = {49F93D16-621A-4242-A325-5655921CCB3A}
		{E7B71A33-B68A-453F-8EA9-85BE776270D0} = {EA9345BE-0021-45AF-A817-B6BF9B900621}
	EndGlobalSection
EndGlobal
