
Microsoft Visual Studio Solution File, Format Version 12.00
# Visual Studio 15
VisualStudioVersion = 15.0.26124.0
MinimumVisualStudioVersion = 15.0.26124.0
Project("{2150E333-8FDC-42A3-9474-1A3956D46DE8}") = "app", "app", "{BA4E0874-6615-4B6D-882B-9CAD75ECF116}"
EndProject
Project("{FAE04EC0-301F-11D3-BF4B-00C04F79EFBC}") = "Demos.RabbitMQ.ConsumerApp", "app\Demos.RabbitMQ.ConsumerApp\Demos.RabbitMQ.ConsumerApp.csproj", "{113F51C9-D9F5-4874-8DBC-A752B99B3629}"
EndProject
Project("{FAE04EC0-301F-11D3-BF4B-00C04F79EFBC}") = "Demos.RabbitMQ.PublisherApp", "app\Demos.RabbitMQ.PublisherApp\Demos.RabbitMQ.PublisherApp.csproj", "{DE4DF234-622B-4EDD-80FE-4E429E903C84}"
EndProject
Global
	GlobalSection(SolutionConfigurationPlatforms) = preSolution
		Debug|Any CPU = Debug|Any CPU
		Debug|x64 = Debug|x64
		Debug|x86 = Debug|x86
		Release|Any CPU = Release|Any CPU
		Release|x64 = Release|x64
		Release|x86 = Release|x86
	EndGlobalSection
	GlobalSection(SolutionProperties) = preSolution
		HideSolutionNode = FALSE
	EndGlobalSection
	GlobalSection(ProjectConfigurationPlatforms) = postSolution
		{113F51C9-D9F5-4874-8DBC-A752B99B3629}.Debug|Any CPU.ActiveCfg = Debug|Any CPU
		{113F51C9-D9F5-4874-8DBC-A752B99B3629}.Debug|Any CPU.Build.0 = Debug|Any CPU
		{113F51C9-D9F5-4874-8DBC-A752B99B3629}.Debug|x64.ActiveCfg = Debug|Any CPU
		{113F51C9-D9F5-4874-8DBC-A752B99B3629}.Debug|x64.Build.0 = Debug|Any CPU
		{113F51C9-D9F5-4874-8DBC-A752B99B3629}.Debug|x86.ActiveCfg = Debug|Any CPU
		{113F51C9-D9F5-4874-8DBC-A752B99B3629}.Debug|x86.Build.0 = Debug|Any CPU
		{113F51C9-D9F5-4874-8DBC-A752B99B3629}.Release|Any CPU.ActiveCfg = Release|Any CPU
		{113F51C9-D9F5-4874-8DBC-A752B99B3629}.Release|Any CPU.Build.0 = Release|Any CPU
		{113F51C9-D9F5-4874-8DBC-A752B99B3629}.Release|x64.ActiveCfg = Release|Any CPU
		{113F51C9-D9F5-4874-8DBC-A752B99B3629}.Release|x64.Build.0 = Release|Any CPU
		{113F51C9-D9F5-4874-8DBC-A752B99B3629}.Release|x86.ActiveCfg = Release|Any CPU
		{113F51C9-D9F5-4874-8DBC-A752B99B3629}.Release|x86.Build.0 = Release|Any CPU
		{DE4DF234-622B-4EDD-80FE-4E429E903C84}.Debug|Any CPU.ActiveCfg = Debug|Any CPU
		{DE4DF234-622B-4EDD-80FE-4E429E903C84}.Debug|Any CPU.Build.0 = Debug|Any CPU
		{DE4DF234-622B-4EDD-80FE-4E429E903C84}.Debug|x64.ActiveCfg = Debug|Any CPU
		{DE4DF234-622B-4EDD-80FE-4E429E903C84}.Debug|x64.Build.0 = Debug|Any CPU
		{DE4DF234-622B-4EDD-80FE-4E429E903C84}.Debug|x86.ActiveCfg = Debug|Any CPU
		{DE4DF234-622B-4EDD-80FE-4E429E903C84}.Debug|x86.Build.0 = Debug|Any CPU
		{DE4DF234-622B-4EDD-80FE-4E429E903C84}.Release|Any CPU.ActiveCfg = Release|Any CPU
		{DE4DF234-622B-4EDD-80FE-4E429E903C84}.Release|Any CPU.Build.0 = Release|Any CPU
		{DE4DF234-622B-4EDD-80FE-4E429E903C84}.Release|x64.ActiveCfg = Release|Any CPU
		{DE4DF234-622B-4EDD-80FE-4E429E903C84}.Release|x64.Build.0 = Release|Any CPU
		{DE4DF234-622B-4EDD-80FE-4E429E903C84}.Release|x86.ActiveCfg = Release|Any CPU
		{DE4DF234-622B-4EDD-80FE-4E429E903C84}.Release|x86.Build.0 = Release|Any CPU
	EndGlobalSection
	GlobalSection(NestedProjects) = preSolution
		{113F51C9-D9F5-4874-8DBC-A752B99B3629} = {BA4E0874-6615-4B6D-882B-9CAD75ECF116}
		{DE4DF234-622B-4EDD-80FE-4E429E903C84} = {BA4E0874-6615-4B6D-882B-9CAD75ECF116}
	EndGlobalSection
EndGlobal
